
Microsoft Visual Studio Solution File, Format Version 12.00
# Visual Studio Version 17
VisualStudioVersion = 17.13.35919.96
MinimumVisualStudioVersion = 10.0.40219.1
Project("{FAE04EC0-301F-11D3-BF4B-00C04F79EFBC}") = "BasicTwitchSoundPlayer", "BasicTwitchSoundPlayer.csproj", "{AB91E6D8-41B7-40F8-9A30-8C8C0AC02DDF}"
EndProject
Project("{FAE04EC0-301F-11D3-BF4B-00C04F79EFBC}") = "SuiBot-TwitchSocket", "..\SuiBot-TwitchSocket\SuiBot-TwitchSocket.csproj", "{EEFD4D67-FA06-4A2A-804F-31851CB06A3E}"
EndProject
Project("{FAE04EC0-301F-11D3-BF4B-00C04F79EFBC}") = "SuiBot-AI", "..\SuiBot-AI\SuiBot-AI.csproj", "{22F63E69-76D9-451E-8329-46A8B41C12CB}"
EndProject
Global
	GlobalSection(SolutionConfigurationPlatforms) = preSolution
		Debug|Any CPU = Debug|Any CPU
		Release|Any CPU = Release|Any CPU
	EndGlobalSection
	GlobalSection(ProjectConfigurationPlatforms) = postSolution
		{AB91E6D8-41B7-40F8-9A30-8C8C0AC02DDF}.Debug|Any CPU.ActiveCfg = Debug|Any CPU
		{AB91E6D8-41B7-40F8-9A30-8C8C0AC02DDF}.Debug|Any CPU.Build.0 = Debug|Any CPU
		{AB91E6D8-41B7-40F8-9A30-8C8C0AC02DDF}.Release|Any CPU.ActiveCfg = Release|Any CPU
		{AB91E6D8-41B7-40F8-9A30-8C8C0AC02DDF}.Release|Any CPU.Build.0 = Release|Any CPU
		{EEFD4D67-FA06-4A2A-804F-31851CB06A3E}.Debug|Any CPU.ActiveCfg = Debug|Any CPU
		{EEFD4D67-FA06-4A2A-804F-31851CB06A3E}.Debug|Any CPU.Build.0 = Debug|Any CPU
		{EEFD4D67-FA06-4A2A-804F-31851CB06A3E}.Release|Any CPU.ActiveCfg = Release|Any CPU
		{EEFD4D67-FA06-4A2A-804F-31851CB06A3E}.Release|Any CPU.Build.0 = Release|Any CPU
		{22F63E69-76D9-451E-8329-46A8B41C12CB}.Debug|Any CPU.ActiveCfg = Debug|Any CPU
		{22F63E69-76D9-451E-8329-46A8B41C12CB}.Debug|Any CPU.Build.0 = Debug|Any CPU
		{22F63E69-76D9-451E-8329-46A8B41C12CB}.Release|Any CPU.ActiveCfg = Release|Any CPU
		{22F63E69-76D9-451E-8329-46A8B41C12CB}.Release|Any CPU.Build.0 = Release|Any CPU
	EndGlobalSection
	GlobalSection(SolutionProperties) = preSolution
		HideSolutionNode = FALSE
	EndGlobalSection
	GlobalSection(ExtensibilityGlobals) = postSolution
		SolutionGuid = {7D8A09EC-5C11-4F82-AEB5-B466F1AE44F7}
	EndGlobalSection
EndGlobal
